<?xml version="1.0" encoding="utf-8"?>
<Project ToolsVersion="4.0" xmlns="http://schemas.microsoft.com/developer/msbuild/2003">
  <ItemGroup>
    <Filter Include="Source Files">
      <UniqueIdentifier>{4FC737F1-C7A5-4376-A066-2A32D752A2FF}</UniqueIdentifier>
      <Extensions>cpp;c;cc;cxx;c++;cppm;ixx;def;odl;idl;hpj;bat;asm;asmx</Extensions>
    </Filter>
    <Filter Include="Header Files">
      <UniqueIdentifier>{93995380-89BD-4b04-88EB-625FBE52EBFB}</UniqueIdentifier>
      <Extensions>h;hh;hpp;hxx;h++;hm;inl;inc;ipp;xsd</Extensions>
    </Filter>
    <Filter Include="Resource Files">
      <UniqueIdentifier>{67DA6AB6-F800-4c08-8B7A-83BB121AAD01}</UniqueIdentifier>
      <Extensions>rc;ico;cur;bmp;dlg;rc2;rct;bin;rgs;gif;jpg;jpeg;jpe;resx;tiff;tif;png;wav;mfcribbon-ms</Extensions>
    </Filter>
  </ItemGroup>
  <ItemGroup>
    <ClInclude Include="cheat\drawing\drawing.hpp">
      <Filter>Header Files</Filter>
    </ClInclude>
    <ClInclude Include="cheat\features\cache\cache.hpp">
      <Filter>Header Files</Filter>
    </ClInclude>
    <ClInclude Include="cheat\features\visuals\visuals.hpp">
      <Filter>Header Files</Filter>
    </ClInclude>
    <ClInclude Include="cheat\features\features.hpp">
      <Filter>Header Files</Filter>
    </ClInclude>
    <ClInclude Include="cheat\overlay\overlay.hpp">
      <Filter>Header Files</Filter>
    </ClInclude>
    <ClInclude Include="cheat\initialise.hpp">
      <Filter>Header Files</Filter>
    </ClInclude>
    <ClInclude Include="globals\globals.h">
      <Filter>Header Files</Filter>
    </ClInclude>
    <ClInclude Include="sdk\schedule\task_scheduler.hpp">
      <Filter>Header Files</Filter>
    </ClInclude>
    <ClInclude Include="sdk\offsets.hpp">
      <Filter>Header Files</Filter>
    </ClInclude>
    <ClInclude Include="utils\math\math.hpp">
      <Filter>Header Files</Filter>
    </ClInclude>
    <ClInclude Include="utils\network\network.hpp">
      <Filter>Header Files</Filter>
    </ClInclude>
    <ClInclude Include="utils\output\output.hpp">
      <Filter>Header Files</Filter>
    </ClInclude>
    <ClInclude Include="utils\memory\memory.h">
      <Filter>Header Files</Filter>
    </ClInclude>
    <ClInclude Include="sdk\datamodel\datamodel.hpp">
      <Filter>Header Files</Filter>
    </ClInclude>
    <ClInclude Include="sdk\datamodel\humanoid.hpp">
      <Filter>Header Files</Filter>
    </ClInclude>
    <ClInclude Include="sdk\datamodel\players.hpp">
      <Filter>Header Files</Filter>
    </ClInclude>
    <ClInclude Include="sdk\datamodel\instance_t.hpp">
      <Filter>Header Files</Filter>
    </ClInclude>
    <ClInclude Include="sdk\graphics\visualengine.hpp">
      <Filter>Header Files</Filter>
    </ClInclude>
    <ClInclude Include="sdk\graphics\renderview.hpp">
      <Filter>Header Files</Filter>
    </ClInclude>
    <ClInclude Include="sdk\datamodel\camera.hpp">
      <Filter>Header Files</Filter>
    </ClInclude>
    <ClInclude Include="cheat\features\aimbot\aimbot.hpp">
      <Filter>Header Files</Filter>
    </ClInclude>
    <ClInclude Include="sdk\datamodel\part_t.hpp">
      <Filter>Header Files</Filter>
    </ClInclude>
    <ClInclude Include="cheat\features\visuals\renderer\renderer.hpp">
      <Filter>Header Files</Filter>
    </ClInclude>
    <ClInclude Include="cheat\drawing\imgui\custom_widgets\imgui_tricks.hpp">
      <Filter>Header Files</Filter>
    </ClInclude>
    <ClInclude Include="cheat\drawing\imgui\custom_widgets\menu_elements.h">
      <Filter>Header Files</Filter>
    </ClInclude>
    <ClInclude Include="cheat\drawing\imgui\custom_widgets\options.hpp">
      <Filter>Header Files</Filter>
    </ClInclude>
    <ClInclude Include="cheat\drawing\imgui\custom_widgets\stb_image.h">
      <Filter>Header Files</Filter>
    </ClInclude>
    <ClInclude Include="cheat\drawing\imgui\custom_widgets\cfg.h">
      <Filter>Header Files</Filter>
    </ClInclude>
    <ClInclude Include="cheat\menu\menu.hpp">
      <Filter>Header Files</Filter>
    </ClInclude>
    <ClInclude Include="cheat\drawing\images\esp_preview.h">
      <Filter>Header Files</Filter>
    </ClInclude>
    <ClInclude Include="utils\clipper2lib\include\clipper2\clipper.core.h">
      <Filter>Header Files</Filter>
    </ClInclude>
    <ClInclude Include="utils\clipper2lib\include\clipper2\clipper.engine.h">
      <Filter>Header Files</Filter>
    </ClInclude>
    <ClInclude Include="utils\clipper2lib\include\clipper2\clipper.export.h">
      <Filter>Header Files</Filter>
    </ClInclude>
    <ClInclude Include="utils\clipper2lib\include\clipper2\clipper.h">
      <Filter>Header Files</Filter>
    </ClInclude>
    <ClInclude Include="utils\clipper2lib\include\clipper2\clipper.minkowski.h">
      <Filter>Header Files</Filter>
    </ClInclude>
    <ClInclude Include="utils\clipper2lib\include\clipper2\clipper.offset.h">
      <Filter>Header Files</Filter>
    </ClInclude>
    <ClInclude Include="utils\clipper2lib\include\clipper2\clipper.rectclip.h">
      <Filter>Header Files</Filter>
    </ClInclude>
    <ClInclude Include="utils\clipper2lib\include\clipper2\clipper.version.h">
      <Filter>Header Files</Filter>
    </ClInclude>
    <ClInclude Include="cheat\features\wallcheck\AABB.h">
      <Filter>Header Files</Filter>
    </ClInclude>
    <ClInclude Include="cheat\features\wallcheck\wallcheck.hpp">
      <Filter>Header Files</Filter>
    </ClInclude>
    <ClInclude Include="utils\curl\curl.h">
      <Filter>Header Files</Filter>
    </ClInclude>
    <ClInclude Include="utils\curl\curlver.h">
      <Filter>Header Files</Filter>
    </ClInclude>
    <ClInclude Include="utils\curl\easy.h">
      <Filter>Header Files</Filter>
    </ClInclude>
    <ClInclude Include="utils\curl\header.h">
      <Filter>Header Files</Filter>
    </ClInclude>
    <ClInclude Include="utils\curl\mprintf.h">
      <Filter>Header Files</Filter>
    </ClInclude>
    <ClInclude Include="utils\curl\multi.h">
      <Filter>Header Files</Filter>
    </ClInclude>
    <ClInclude Include="utils\curl\options.h">
      <Filter>Header Files</Filter>
    </ClInclude>
    <ClInclude Include="utils\curl\stdcheaders.h">
      <Filter>Header Files</Filter>
    </ClInclude>
    <ClInclude Include="utils\curl\system.h">
      <Filter>Header Files</Filter>
    </ClInclude>
    <ClInclude Include="utils\curl\typecheck-gcc.h">
      <Filter>Header Files</Filter>
    </ClInclude>
    <ClInclude Include="utils\curl\urlapi.h">
      <Filter>Header Files</Filter>
    </ClInclude>
    <ClInclude Include="utils\curl\websockets.h">
      <Filter>Header Files</Filter>
    </ClInclude>
    <ClInclude Include="utils\json\json.hpp">
      <Filter>Header Files</Filter>
    </ClInclude>
    <ClInclude Include="cheat\drawing\lua\luau.hpp">
      <Filter>Header Files</Filter>
    </ClInclude>
    <ClInclude Include="cheat\drawing\lua\lua_files\lapi.h">
      <Filter>Header Files</Filter>
    </ClInclude>
    <ClInclude Include="cheat\drawing\lua\lua_files\lauxlib.h">
      <Filter>Header Files</Filter>
    </ClInclude>
    <ClInclude Include="cheat\drawing\lua\lua_files\lcode.h">
      <Filter>Header Files</Filter>
    </ClInclude>
    <ClInclude Include="cheat\drawing\lua\lua_files\lctype.h">
      <Filter>Header Files</Filter>
    </ClInclude>
    <ClInclude Include="cheat\drawing\lua\lua_files\ldebug.h">
      <Filter>Header Files</Filter>
    </ClInclude>
    <ClInclude Include="cheat\drawing\lua\lua_files\ldo.h">
      <Filter>Header Files</Filter>
    </ClInclude>
    <ClInclude Include="cheat\drawing\lua\lua_files\lfunc.h">
      <Filter>Header Files</Filter>
    </ClInclude>
    <ClInclude Include="cheat\drawing\lua\lua_files\lgc.h">
      <Filter>Header Files</Filter>
    </ClInclude>
    <ClInclude Include="cheat\drawing\lua\lua_files\ljumptab.h">
      <Filter>Header Files</Filter>
    </ClInclude>
    <ClInclude Include="cheat\drawing\lua\lua_files\llex.h">
      <Filter>Header Files</Filter>
    </ClInclude>
    <ClInclude Include="cheat\drawing\lua\lua_files\llimits.h">
      <Filter>Header Files</Filter>
    </ClInclude>
    <ClInclude Include="cheat\drawing\lua\lua_files\lmem.h">
      <Filter>Header Files</Filter>
    </ClInclude>
    <ClInclude Include="cheat\drawing\lua\lua_files\lobject.h">
      <Filter>Header Files</Filter>
    </ClInclude>
    <ClInclude Include="cheat\drawing\lua\lua_files\lopcodes.h">
      <Filter>Header Files</Filter>
    </ClInclude>
    <ClInclude Include="cheat\drawing\lua\lua_files\lopnames.h">
      <Filter>Header Files</Filter>
    </ClInclude>
    <ClInclude Include="cheat\drawing\lua\lua_files\lparser.h">
      <Filter>Header Files</Filter>
    </ClInclude>
    <ClInclude Include="cheat\drawing\lua\lua_files\lprefix.h">
      <Filter>Header Files</Filter>
    </ClInclude>
    <ClInclude Include="cheat\drawing\lua\lua_files\lstate.h">
      <Filter>Header Files</Filter>
    </ClInclude>
    <ClInclude Include="cheat\drawing\lua\lua_files\lstring.h">
      <Filter>Header Files</Filter>
    </ClInclude>
    <ClInclude Include="cheat\drawing\lua\lua_files\ltable.h">
      <Filter>Header Files</Filter>
    </ClInclude>
    <ClInclude Include="cheat\drawing\lua\lua_files\ltm.h">
      <Filter>Header Files</Filter>
    </ClInclude>
    <ClInclude Include="cheat\drawing\lua\lua_files\lua.h">
      <Filter>Header Files</Filter>
    </ClInclude>
    <ClInclude Include="cheat\drawing\lua\lua_files\lua.hpp">
      <Filter>Header Files</Filter>
    </ClInclude>
    <ClInclude Include="cheat\drawing\lua\lua_files\luaconf.h">
      <Filter>Header Files</Filter>
    </ClInclude>
    <ClInclude Include="cheat\drawing\lua\lua_files\lualib.h">
      <Filter>Header Files</Filter>
    </ClInclude>
    <ClInclude Include="cheat\drawing\lua\lua_files\lundump.h">
      <Filter>Header Files</Filter>
    </ClInclude>
    <ClInclude Include="cheat\drawing\lua\lua_files\lvm.h">
      <Filter>Header Files</Filter>
    </ClInclude>
    <ClInclude Include="cheat\drawing\lua\lua_files\lzio.h">
      <Filter>Header Files</Filter>
    </ClInclude>
    <ClInclude Include="sdk\environment\environment.hpp">
      <Filter>Header Files</Filter>
    </ClInclude>
    <ClInclude Include="utils\ckey\keybind.hpp">
      <Filter>Header Files</Filter>
    </ClInclude>
    <ClInclude Include="cheat\drawing\images\iconsdex.h">
      <Filter>Header Files</Filter>
    </ClInclude>
    <ClInclude Include="cheat\drawing\images\image.h">
      <Filter>Header Files</Filter>
    </ClInclude>
    <ClInclude Include="cheat\drawing\images\image_hex.h">
      <Filter>Header Files</Filter>
    </ClInclude>
    <ClInclude Include="cheat\features\rage\rage.hpp">
      <Filter>Header Files</Filter>
    </ClInclude>
    <ClInclude Include="cheat\features\silentaim\silentaim.hpp">
      <Filter>Header Files</Filter>
    </ClInclude>
    <ClInclude Include="cheat\drawing\fonts\arial.h">
      <Filter>Header Files</Filter>
    </ClInclude>
    <ClInclude Include="cheat\drawing\imgui\addons\imgui_addons.h">
      <Filter>Header Files</Filter>
    </ClInclude>
    <ClInclude Include="cheat\drawing\imgui\imgui_offset_rect.h">
      <Filter>Header Files</Filter>
    </ClInclude>
    <ClInclude Include="cheat\drawing\imgui\imgui_settings.h">
      <Filter>Header Files</Filter>
    </ClInclude>
    <ClInclude Include="cheat\drawing\imgui\backends\TextEditor.h">
      <Filter>Header Files</Filter>
    </ClInclude>
    <ClInclude Include="cheat\drawing\fonts\verdane.h">
      <Filter>Header Files</Filter>
    </ClInclude>
    <ClInclude Include="utils\key\keybind.h">
      <Filter>Header Files</Filter>
    </ClInclude>
    <ClInclude Include="utils\ckeybind\ckeybind.h">
      <Filter>Header Files</Filter>
    </ClInclude>
    <ClInclude Include="cheat\drawing\imgui\addons\addons.hpp">
      <Filter>Header Files</Filter>
    </ClInclude>
    <ClInclude Include="cheat\drawing\imgui\backends\imgui_impl_dx11.h">
      <Filter>Header Files</Filter>
    </ClInclude>
    <ClInclude Include="cheat\drawing\imgui\backends\imgui_impl_win32.h">
      <Filter>Header Files</Filter>
    </ClInclude>
    <ClInclude Include="cheat\drawing\imgui\imconfig.h">
      <Filter>Header Files</Filter>
    </ClInclude>
    <ClInclude Include="cheat\drawing\imgui\imgui.h">
      <Filter>Header Files</Filter>
    </ClInclude>
    <ClInclude Include="cheat\drawing\imgui\imgui_internal.h">
      <Filter>Header Files</Filter>
    </ClInclude>
    <ClInclude Include="cheat\drawing\imgui\imstb_rectpack.h">
      <Filter>Header Files</Filter>
    </ClInclude>
    <ClInclude Include="cheat\drawing\imgui\imstb_textedit.h">
      <Filter>Header Files</Filter>
    </ClInclude>
    <ClInclude Include="cheat\drawing\imgui\imstb_truetype.h">
      <Filter>Header Files</Filter>
    </ClInclude>
    <ClInclude Include="cheat\drawing\imgui\stbi_image.h">
      <Filter>Header Files</Filter>
    </ClInclude>
    <ClInclude Include="cheat\drawing\imgui\freetype\imgui_freetype.h">
      <Filter>Header Files</Filter>
    </ClInclude>
    <ClInclude Include="cheat\drawing\imgui\settings\colors.h">
      <Filter>Header Files</Filter>
    </ClInclude>
    <ClInclude Include="cheat\drawing\imgui\settings\elements.h">
      <Filter>Header Files</Filter>
    </ClInclude>
    <ClInclude Include="cheat\drawing\imgui\settings\functions.h">
      <Filter>Header Files</Filter>
    </ClInclude>
    <ClInclude Include="cheat\drawing\imgui\settings\variables.h">
      <Filter>Header Files</Filter>
    </ClInclude>
    <ClInclude Include="cheat\drawing\imgui\data\fonts.h">
      <Filter>Header Files</Filter>
    </ClInclude>
    <ClInclude Include="cheat\drawing\imgui\data\images.h">
      <Filter>Header Files</Filter>
    </ClInclude>
  </ItemGroup>
  <ItemGroup>
    <ClCompile Include="cheat\features\cache\cache.cpp">
      <Filter>Source Files</Filter>
    </ClCompile>
    <ClCompile Include="cheat\features\visuals\visuals.cpp">
      <Filter>Source Files</Filter>
    </ClCompile>
    <ClCompile Include="cheat\features\features.cpp">
      <Filter>Source Files</Filter>
    </ClCompile>
    <ClCompile Include="cheat\overlay\overlay.cpp">
      <Filter>Source Files</Filter>
    </ClCompile>
    <ClCompile Include="cheat\initialise.cpp">
      <Filter>Source Files</Filter>
    </ClCompile>
    <ClCompile Include="sdk\schedule\task_scheduler.cpp">
      <Filter>Source Files</Filter>
    </ClCompile>
    <ClCompile Include="utils\network\network.cpp">
      <Filter>Source Files</Filter>
    </ClCompile>
    <ClCompile Include="main.cpp">
      <Filter>Source Files</Filter>
    </ClCompile>
    <ClCompile Include="sdk\graphics\renderview.cpp">
      <Filter>Source Files</Filter>
    </ClCompile>
    <ClCompile Include="sdk\graphics\visualengine.cpp">
      <Filter>Source Files</Filter>
    </ClCompile>
    <ClCompile Include="utils\memory\memory.cpp">
      <Filter>Source Files</Filter>
    </ClCompile>
    <ClCompile Include="sdk\datamodel\players.cpp">
      <Filter>Source Files</Filter>
    </ClCompile>
    <ClCompile Include="sdk\datamodel\datamodel.cpp">
      <Filter>Source Files</Filter>
    </ClCompile>
    <ClCompile Include="sdk\datamodel\instance_t.cpp">
      <Filter>Source Files</Filter>
    </ClCompile>
    <ClCompile Include="sdk\datamodel\humanoid.cpp">
      <Filter>Source Files</Filter>
    </ClCompile>
    <ClCompile Include="sdk\datamodel\camera.cpp">
      <Filter>Source Files</Filter>
    </ClCompile>
    <ClCompile Include="cheat\features\aimbot\aimbot.cpp">
      <Filter>Source Files</Filter>
    </ClCompile>
    <ClCompile Include="cheat\drawing\drawing.cpp">
      <Filter>Source Files</Filter>
    </ClCompile>
    <ClCompile Include="sdk\datamodel\part_t.cpp">
      <Filter>Source Files</Filter>
    </ClCompile>
    <ClCompile Include="cheat\menu\menu.cpp">
      <Filter>Source Files</Filter>
    </ClCompile>
    <ClCompile Include="utils\clipper2lib\src\clipper.engine.cpp">
      <Filter>Source Files</Filter>
    </ClCompile>
    <ClCompile Include="utils\clipper2lib\src\clipper.offset.cpp">
      <Filter>Source Files</Filter>
    </ClCompile>
    <ClCompile Include="utils\clipper2lib\src\clipper.rectclip.cpp">
      <Filter>Source Files</Filter>
    </ClCompile>
    <ClCompile Include="cheat\features\wallcheck\wallcheck.cpp">
      <Filter>Source Files</Filter>
    </ClCompile>
    <ClCompile Include="cheat\drawing\lua\lua.cpp">
      <Filter>Source Files</Filter>
    </ClCompile>
    <ClCompile Include="cheat\drawing\lua\lua_files\lapi.c">
      <Filter>Source Files</Filter>
    </ClCompile>
    <ClCompile Include="cheat\drawing\lua\lua_files\lauxlib.c">
      <Filter>Source Files</Filter>
    </ClCompile>
    <ClCompile Include="cheat\drawing\lua\lua_files\lbaselib.c">
      <Filter>Source Files</Filter>
    </ClCompile>
    <ClCompile Include="cheat\drawing\lua\lua_files\lcode.c">
      <Filter>Source Files</Filter>
    </ClCompile>
    <ClCompile Include="cheat\drawing\lua\lua_files\lcorolib.c">
      <Filter>Source Files</Filter>
    </ClCompile>
    <ClCompile Include="cheat\drawing\lua\lua_files\lctype.c">
      <Filter>Source Files</Filter>
    </ClCompile>
    <ClCompile Include="cheat\drawing\lua\lua_files\ldblib.c">
      <Filter>Source Files</Filter>
    </ClCompile>
    <ClCompile Include="cheat\drawing\lua\lua_files\ldebug.c">
      <Filter>Source Files</Filter>
    </ClCompile>
    <ClCompile Include="cheat\drawing\lua\lua_files\ldo.c">
      <Filter>Source Files</Filter>
    </ClCompile>
    <ClCompile Include="cheat\drawing\lua\lua_files\ldump.c">
      <Filter>Source Files</Filter>
    </ClCompile>
    <ClCompile Include="cheat\drawing\lua\lua_files\lfunc.c">
      <Filter>Source Files</Filter>
    </ClCompile>
    <ClCompile Include="cheat\drawing\lua\lua_files\lgc.c">
      <Filter>Source Files</Filter>
    </ClCompile>
    <ClCompile Include="cheat\drawing\lua\lua_files\linit.c">
      <Filter>Source Files</Filter>
    </ClCompile>
    <ClCompile Include="cheat\drawing\lua\lua_files\liolib.c">
      <Filter>Source Files</Filter>
    </ClCompile>
    <ClCompile Include="cheat\drawing\lua\lua_files\llex.c">
      <Filter>Source Files</Filter>
    </ClCompile>
    <ClCompile Include="cheat\drawing\lua\lua_files\lmathlib.c">
      <Filter>Source Files</Filter>
    </ClCompile>
    <ClCompile Include="cheat\drawing\lua\lua_files\lmem.c">
      <Filter>Source Files</Filter>
    </ClCompile>
    <ClCompile Include="cheat\drawing\lua\lua_files\loadlib.c">
      <Filter>Source Files</Filter>
    </ClCompile>
    <ClCompile Include="cheat\drawing\lua\lua_files\lobject.c">
      <Filter>Source Files</Filter>
    </ClCompile>
    <ClCompile Include="cheat\drawing\lua\lua_files\lopcodes.c">
      <Filter>Source Files</Filter>
    </ClCompile>
    <ClCompile Include="cheat\drawing\lua\lua_files\loslib.c">
      <Filter>Source Files</Filter>
    </ClCompile>
    <ClCompile Include="cheat\drawing\lua\lua_files\lparser.c">
      <Filter>Source Files</Filter>
    </ClCompile>
    <ClCompile Include="cheat\drawing\lua\lua_files\lstate.c">
      <Filter>Source Files</Filter>
    </ClCompile>
    <ClCompile Include="cheat\drawing\lua\lua_files\lstring.c">
      <Filter>Source Files</Filter>
    </ClCompile>
    <ClCompile Include="cheat\drawing\lua\lua_files\lstrlib.c">
      <Filter>Source Files</Filter>
    </ClCompile>
    <ClCompile Include="cheat\drawing\lua\lua_files\ltable.c">
      <Filter>Source Files</Filter>
    </ClCompile>
    <ClCompile Include="cheat\drawing\lua\lua_files\ltablib.c">
      <Filter>Source Files</Filter>
    </ClCompile>
    <ClCompile Include="cheat\drawing\lua\lua_files\ltm.c">
      <Filter>Source Files</Filter>
    </ClCompile>
    <ClCompile Include="cheat\drawing\lua\lua_files\lundump.c">
      <Filter>Source Files</Filter>
    </ClCompile>
    <ClCompile Include="cheat\drawing\lua\lua_files\lutf8lib.c">
      <Filter>Source Files</Filter>
    </ClCompile>
    <ClCompile Include="cheat\drawing\lua\lua_files\lvm.c">
      <Filter>Source Files</Filter>
    </ClCompile>
    <ClCompile Include="cheat\drawing\lua\lua_files\lzio.c">
      <Filter>Source Files</Filter>
    </ClCompile>
    <ClCompile Include="sdk\environment\environment.cpp">
      <Filter>Source Files</Filter>
    </ClCompile>
    <ClCompile Include="cheat\features\rage\rage.cpp">
      <Filter>Source Files</Filter>
    </ClCompile>
    <ClCompile Include="cheat\features\silentaim\silentaim.cpp">
      <Filter>Source Files</Filter>
    </ClCompile>
    <ClCompile Include="cheat\drawing\imgui\backends\TextEditor.cpp">
      <Filter>Source Files</Filter>
    </ClCompile>
    <ClCompile Include="utils\key\keybind.cpp">
      <Filter>Source Files</Filter>
    </ClCompile>
    <ClCompile Include="cheat\drawing\imgui\addons\addons.cpp">
      <Filter>Source Files</Filter>
    </ClCompile>
    <ClCompile Include="cheat\drawing\imgui\backends\imgui_impl_dx11.cpp">
      <Filter>Source Files</Filter>
    </ClCompile>
    <ClCompile Include="cheat\drawing\imgui\backends\imgui_impl_win32.cpp">
      <Filter>Source Files</Filter>
    </ClCompile>
    <ClCompile Include="cheat\drawing\imgui\imgui.cpp">
      <Filter>Source Files</Filter>
    </ClCompile>
    <ClCompile Include="cheat\drawing\imgui\imgui_draw.cpp">
      <Filter>Source Files</Filter>
    </ClCompile>
    <ClCompile Include="cheat\drawing\imgui\imgui_tables.cpp">
      <Filter>Source Files</Filter>
    </ClCompile>
    <ClCompile Include="cheat\drawing\imgui\imgui_widgets.cpp">
      <Filter>Source Files</Filter>
    </ClCompile>
    <ClCompile Include="cheat\drawing\imgui\freetype\imgui_freetype.cpp">
      <Filter>Source Files</Filter>
    </ClCompile>
    <ClCompile Include="cheat\drawing\imgui\elements\button.cpp">
      <Filter>Source Files</Filter>
    </ClCompile>
    <ClCompile Include="cheat\drawing\imgui\elements\checkbox.cpp">
      <Filter>Source Files</Filter>
    </ClCompile>
    <ClCompile Include="cheat\drawing\imgui\elements\child.cpp">
      <Filter>Source Files</Filter>
    </ClCompile>
    <ClCompile Include="cheat\drawing\imgui\elements\coloredit.cpp">
      <Filter>Source Files</Filter>
    </ClCompile>
    <ClCompile Include="cheat\drawing\imgui\elements\draw.cpp">
      <Filter>Source Files</Filter>
    </ClCompile>
    <ClCompile Include="cheat\drawing\imgui\elements\dropdown.cpp">
      <Filter>Source Files</Filter>
    </ClCompile>
    <ClCompile Include="cheat\drawing\imgui\elements\helpers.cpp">
      <Filter>Source Files</Filter>
    </ClCompile>
    <ClCompile Include="cheat\drawing\imgui\elements\keybind.cpp">
      <Filter>Source Files</Filter>
    </ClCompile>
    <ClCompile Include="cheat\drawing\imgui\elements\section.cpp">
      <Filter>Source Files</Filter>
    </ClCompile>
    <ClCompile Include="cheat\drawing\imgui\elements\slider.cpp">
      <Filter>Source Files</Filter>
    </ClCompile>
    <ClCompile Include="cheat\drawing\imgui\elements\table.cpp">
      <Filter>Source Files</Filter>
    </ClCompile>
    <ClCompile Include="cheat\drawing\imgui\elements\textfield.cpp">
      <Filter>Source Files</Filter>
    </ClCompile>
    <ClCompile Include="cheat\drawing\imgui\elements\window.cpp">
      <Filter>Source Files</Filter>
    </ClCompile>
    <ClCompile Include="cheat\menu\gui.cpp">
      <Filter>Source Files</Filter>
    </ClCompile>
  </ItemGroup>
  <ItemGroup>
    <MASM Include="utils\memory\luck.asm">
      <Filter>Source Files</Filter>
    </MASM>
  </ItemGroup>
  <ItemGroup>
    <Library Include="library_x64.lib" />
    <Library Include="lua54.lib" />
    <Library Include="libcurl.lib" />
  </ItemGroup>
  <ItemGroup>
    <None Include="cheat\drawing\lua\lua_files\Makefile" />
  </ItemGroup>
</Project>